// !$*UTF8*$!
{
	archiveVersion = 1;
	classes = {
	};
	objectVersion = 46;
	objects = {

/* Begin PBXBuildFile section */
		8BE5792C7DC8567426130E61 /* libPods-JFNetRequestTool.a in Frameworks */ = {isa = PBXBuildFile; fileRef = B7F72109135C8F91949FF4B1 /* libPods-JFNetRequestTool.a */; };
		F301467B1E46B3950015E903 /* AFAppDotNetAPIClient.m in Sources */ = {isa = PBXBuildFile; fileRef = F301467A1E46B3950015E903 /* AFAppDotNetAPIClient.m */; };
		F31B24961E458626005E0B59 /* main.m in Sources */ = {isa = PBXBuildFile; fileRef = F31B24951E458626005E0B59 /* main.m */; };
		F31B24991E458626005E0B59 /* AppDelegate.m in Sources */ = {isa = PBXBuildFile; fileRef = F31B24981E458626005E0B59 /* AppDelegate.m */; };
		F31B249C1E458626005E0B59 /* ViewController.m in Sources */ = {isa = PBXBuildFile; fileRef = F31B249B1E458626005E0B59 /* ViewController.m */; };
		F31B249F1E458626005E0B59 /* Main.storyboard in Resources */ = {isa = PBXBuildFile; fileRef = F31B249D1E458626005E0B59 /* Main.storyboard */; };
		F31B24A11E458626005E0B59 /* Assets.xcassets in Resources */ = {isa = PBXBuildFile; fileRef = F31B24A01E458626005E0B59 /* Assets.xcassets */; };
		F31B24A41E458626005E0B59 /* LaunchScreen.storyboard in Resources */ = {isa = PBXBuildFile; fileRef = F31B24A21E458626005E0B59 /* LaunchScreen.storyboard */; };
		F31B24AE1E4588C7005E0B59 /* JFNetRequestTool.m in Sources */ = {isa = PBXBuildFile; fileRef = F31B24AD1E4588C7005E0B59 /* JFNetRequestTool.m */; };
/* End PBXBuildFile section */

/* Begin PBXFileReference section */
		1609BAE88390349E428B70F8 /* Pods-JFNetRequestTool.release.xcconfig */ = {isa = PBXFileReference; includeInIndex = 1; lastKnownFileType = text.xcconfig; name = "Pods-JFNetRequestTool.release.xcconfig"; path = "Pods/Target Support Files/Pods-JFNetRequestTool/Pods-JFNetRequestTool.release.xcconfig"; sourceTree = "<group>"; };
		89A588D0AC12B288A6D25363 /* Pods-JFNetRequestTool.debug.xcconfig */ = {isa = PBXFileReference; includeInIndex = 1; lastKnownFileType = text.xcconfig; name = "Pods-JFNetRequestTool.debug.xcconfig"; path = "Pods/Target Support Files/Pods-JFNetRequestTool/Pods-JFNetRequestTool.debug.xcconfig"; sourceTree = "<group>"; };
		B7F72109135C8F91949FF4B1 /* libPods-JFNetRequestTool.a */ = {isa = PBXFileReference; explicitFileType = archive.ar; includeInIndex = 0; path = "libPods-JFNetRequestTool.a"; sourceTree = BUILT_PRODUCTS_DIR; };
		F30146791E46B3940015E903 /* AFAppDotNetAPIClient.h */ = {isa = PBXFileReference; fileEncoding = 4; lastKnownFileType = sourcecode.c.h; path = AFAppDotNetAPIClient.h; sourceTree = "<group>"; };
		F301467A1E46B3950015E903 /* AFAppDotNetAPIClient.m */ = {isa = PBXFileReference; fileEncoding = 4; lastKnownFileType = sourcecode.c.objc; path = AFAppDotNetAPIClient.m; sourceTree = "<group>"; };
		F31B24911E458626005E0B59 /* JFNetRequestTool.app */ = {isa = PBXFileReference; explicitFileType = wrapper.application; includeInIndex = 0; path = JFNetRequestTool.app; sourceTree = BUILT_PRODUCTS_DIR; };
		F31B24951E458626005E0B59 /* main.m */ = {isa = PBXFileReference; lastKnownFileType = sourcecode.c.objc; path = main.m; sourceTree = "<group>"; };
		F31B24971E458626005E0B59 /* AppDelegate.h */ = {isa = PBXFileReference; lastKnownFileType = sourcecode.c.h; path = AppDelegate.h; sourceTree = "<group>"; };
		F31B24981E458626005E0B59 /* AppDelegate.m */ = {isa = PBXFileReference; lastKnownFileType = sourcecode.c.objc; path = AppDelegate.m; sourceTree = "<group>"; };
		F31B249A1E458626005E0B59 /* ViewController.h */ = {isa = PBXFileReference; lastKnownFileType = sourcecode.c.h; path = ViewController.h; sourceTree = "<group>"; };
		F31B249B1E458626005E0B59 /* ViewController.m */ = {isa = PBXFileReference; lastKnownFileType = sourcecode.c.objc; path = ViewController.m; sourceTree = "<group>"; };
		F31B249E1E458626005E0B59 /* Base */ = {isa = PBXFileReference; lastKnownFileType = file.storyboard; name = Base; path = Base.lproj/Main.storyboard; sourceTree = "<group>"; };
		F31B24A01E458626005E0B59 /* Assets.xcassets */ = {isa = PBXFileReference; lastKnownFileType = folder.assetcatalog; path = Assets.xcassets; sourceTree = "<group>"; };
		F31B24A31E458626005E0B59 /* Base */ = {isa = PBXFileReference; lastKnownFileType = file.storyboard; name = Base; path = Base.lproj/LaunchScreen.storyboard; sourceTree = "<group>"; };
		F31B24A51E458626005E0B59 /* Info.plist */ = {isa = PBXFileReference; lastKnownFileType = text.plist.xml; path = Info.plist; sourceTree = "<group>"; };
		F31B24AC1E4588C7005E0B59 /* JFNetRequestTool.h */ = {isa = PBXFileReference; fileEncoding = 4; lastKnownFileType = sourcecode.c.h; path = JFNetRequestTool.h; sourceTree = "<group>"; };
		F31B24AD1E4588C7005E0B59 /* JFNetRequestTool.m */ = {isa = PBXFileReference; fileEncoding = 4; lastKnownFileType = sourcecode.c.objc; path = JFNetRequestTool.m; sourceTree = "<group>"; };
/* End PBXFileReference section */

/* Begin PBXFrameworksBuildPhase section */
		F31B248E1E458626005E0B59 /* Frameworks */ = {
			isa = PBXFrameworksBuildPhase;
			buildActionMask = 2147483647;
			files = (
				8BE5792C7DC8567426130E61 /* libPods-JFNetRequestTool.a in Frameworks */,
			);
			runOnlyForDeploymentPostprocessing = 0;
		};
/* End PBXFrameworksBuildPhase section */

/* Begin PBXGroup section */
		1332A9742DAF8FA3F7E7197D /* Pods */ = {
			isa = PBXGroup;
			children = (
				89A588D0AC12B288A6D25363 /* Pods-JFNetRequestTool.debug.xcconfig */,
				1609BAE88390349E428B70F8 /* Pods-JFNetRequestTool.release.xcconfig */,
			);
			name = Pods;
			sourceTree = "<group>";
		};
		F31B24881E458626005E0B59 = {
			isa = PBXGroup;
			children = (
				F31B24931E458626005E0B59 /* JFNetRequestTool */,
				F31B24921E458626005E0B59 /* Products */,
				1332A9742DAF8FA3F7E7197D /* Pods */,
				F61BB7F1694CE04C11B99A30 /* Frameworks */,
			);
			sourceTree = "<group>";
		};
		F31B24921E458626005E0B59 /* Products */ = {
			isa = PBXGroup;
			children = (
				F31B24911E458626005E0B59 /* JFNetRequestTool.app */,
			);
			name = Products;
			sourceTree = "<group>";
		};
		F31B24931E458626005E0B59 /* JFNetRequestTool */ = {
			isa = PBXGroup;
			children = (
				F31B24AB1E4588A4005E0B59 /* JFNetRequest */,
				F31B24971E458626005E0B59 /* AppDelegate.h */,
				F31B24981E458626005E0B59 /* AppDelegate.m */,
				F31B249A1E458626005E0B59 /* ViewController.h */,
				F31B249B1E458626005E0B59 /* ViewController.m */,
				F31B249D1E458626005E0B59 /* Main.storyboard */,
				F31B24A01E458626005E0B59 /* Assets.xcassets */,
				F31B24A21E458626005E0B59 /* LaunchScreen.storyboard */,
				F31B24A51E458626005E0B59 /* Info.plist */,
				F31B24941E458626005E0B59 /* Supporting Files */,
			);
			path = JFNetRequestTool;
			sourceTree = "<group>";
		};
		F31B24941E458626005E0B59 /* Supporting Files */ = {
			isa = PBXGroup;
			children = (
				F31B24951E458626005E0B59 /* main.m */,
			);
			name = "Supporting Files";
			sourceTree = "<group>";
		};
		F31B24AB1E4588A4005E0B59 /* JFNetRequest */ = {
			isa = PBXGroup;
			children = (
				F30146791E46B3940015E903 /* AFAppDotNetAPIClient.h */,
				F301467A1E46B3950015E903 /* AFAppDotNetAPIClient.m */,
				F31B24AC1E4588C7005E0B59 /* JFNetRequestTool.h */,
				F31B24AD1E4588C7005E0B59 /* JFNetRequestTool.m */,
			);
			path = JFNetRequest;
			sourceTree = "<group>";
		};
		F61BB7F1694CE04C11B99A30 /* Frameworks */ = {
			isa = PBXGroup;
			children = (
				B7F72109135C8F91949FF4B1 /* libPods-JFNetRequestTool.a */,
			);
			name = Frameworks;
			sourceTree = "<group>";
		};
/* End PBXGroup section */

/* Begin PBXNativeTarget section */
		F31B24901E458626005E0B59 /* JFNetRequestTool */ = {
			isa = PBXNativeTarget;
			buildConfigurationList = F31B24A81E458626005E0B59 /* Build configuration list for PBXNativeTarget "JFNetRequestTool" */;
			buildPhases = (
				83616687D63EF1CDDDB42E6C /* [CP] Check Pods Manifest.lock */,
				F31B248D1E458626005E0B59 /* Sources */,
				F31B248E1E458626005E0B59 /* Frameworks */,
				F31B248F1E458626005E0B59 /* Resources */,
				75B32551CA4F4D63576AA2E5 /* [CP] Embed Pods Frameworks */,
				45426301A5E762DE13DF7E9C /* [CP] Copy Pods Resources */,
			);
			buildRules = (
			);
			dependencies = (
			);
			name = JFNetRequestTool;
			productName = JFNetRequestTool;
			productReference = F31B24911E458626005E0B59 /* JFNetRequestTool.app */;
			productType = "com.apple.product-type.application";
		};
/* End PBXNativeTarget section */

/* Begin PBXProject section */
		F31B24891E458626005E0B59 /* Project object */ = {
			isa = PBXProject;
			attributes = {
				LastUpgradeCheck = 0820;
				ORGANIZATIONNAME = JiangfanZhan;
				TargetAttributes = {
					F31B24901E458626005E0B59 = {
						CreatedOnToolsVersion = 8.2.1;
						ProvisioningStyle = Automatic;
					};
				};
			};
			buildConfigurationList = F31B248C1E458626005E0B59 /* Build configuration list for PBXProject "JFNetRequestTool" */;
			compatibilityVersion = "Xcode 3.2";
			developmentRegion = English;
			hasScannedForEncodings = 0;
			knownRegions = (
				en,
				Base,
			);
			mainGroup = F31B24881E458626005E0B59;
			productRefGroup = F31B24921E458626005E0B59 /* Products */;
			projectDirPath = "";
			projectRoot = "";
			targets = (
				F31B24901E458626005E0B59 /* JFNetRequestTool */,
			);
		};
/* End PBXProject section */

/* Begin PBXResourcesBuildPhase section */
		F31B248F1E458626005E0B59 /* Resources */ = {
			isa = PBXResourcesBuildPhase;
			buildActionMask = 2147483647;
			files = (
				F31B24A41E458626005E0B59 /* LaunchScreen.storyboard in Resources */,
				F31B24A11E458626005E0B59 /* Assets.xcassets in Resources */,
				F31B249F1E458626005E0B59 /* Main.storyboard in Resources */,
			);
			runOnlyForDeploymentPostprocessing = 0;
		};
/* End PBXResourcesBuildPhase section */

/* Begin PBXShellScriptBuildPhase section */
		45426301A5E762DE13DF7E9C /* [CP] Copy Pods Resources */ = {
			isa = PBXShellScriptBuildPhase;
			buildActionMask = 2147483647;
			files = (
			);
			inputPaths = (
			);
			name = "[CP] Copy Pods Resources";
			outputPaths = (
			);
			runOnlyForDeploymentPostprocessing = 0;
			shellPath = /bin/sh;
			shellScript = "\"${SRCROOT}/Pods/Target Support Files/Pods-JFNetRequestTool/Pods-JFNetRequestTool-resources.sh\"\n";
			showEnvVarsInLog = 0;
		};
		75B32551CA4F4D63576AA2E5 /* [CP] Embed Pods Frameworks */ = {
			isa = PBXShellScriptBuildPhase;
			buildActionMask = 2147483647;
			files = (
			);
			inputPaths = (
			);
			name = "[CP] Embed Pods Frameworks";
			outputPaths = (
			);
			runOnlyForDeploymentPostprocessing = 0;
			shellPath = /bin/sh;
			shellScript = "\"${SRCROOT}/Pods/Target Support Files/Pods-JFNetRequestTool/Pods-JFNetRequestTool-frameworks.sh\"\n";
			showEnvVarsInLog = 0;
		};
		83616687D63EF1CDDDB42E6C /* [CP] Check Pods Manifest.lock */ = {
			isa = PBXShellScriptBuildPhase;
			buildActionMask = 2147483647;
			files = (
			);
			inputPaths = (
			);
			name = "[CP] Check Pods Manifest.lock";
			outputPaths = (
			);
			runOnlyForDeploymentPostprocessing = 0;
			shellPath = /bin/sh;
			shellScript = "diff \"${PODS_ROOT}/../Podfile.lock\" \"${PODS_ROOT}/Manifest.lock\" > /dev/null\nif [ $? != 0 ] ; then\n    # print error to STDERR\n    echo \"error: The sandbox is not in sync with the Podfile.lock. Run 'pod install' or update your CocoaPods installation.\" >&2\n    exit 1\nfi\n";
			showEnvVarsInLog = 0;
		};
/* End PBXShellScriptBuildPhase section */

/* Begin PBXSourcesBuildPhase section */
		F31B248D1E458626005E0B59 /* Sources */ = {
			isa = PBXSourcesBuildPhase;
			buildActionMask = 2147483647;
			files = (
				F31B249C1E458626005E0B59 /* ViewController.m in Sources */,
				F31B24991E458626005E0B59 /* AppDelegate.m in Sources */,
				F31B24961E458626005E0B59 /* main.m in Sources */,
				F301467B1E46B3950015E903 /* AFAppDotNetAPIClient.m in Sources */,
				F31B24AE1E4588C7005E0B59 /* JFNetRequestTool.m in Sources */,
			);
			runOnlyForDeploymentPostprocessing = 0;
		};
/* End PBXSourcesBuildPhase section */

/* Begin PBXVariantGroup section */
		F31B249D1E458626005E0B59 /* Main.storyboard */ = {
			isa = PBXVariantGroup;
			children = (
				F31B249E1E458626005E0B59 /* Base */,
			);
			name = Main.storyboard;
			sourceTree = "<group>";
		};
		F31B24A21E458626005E0B59 /* LaunchScreen.storyboard */ = {
			isa = PBXVariantGroup;
			children = (
				F31B24A31E458626005E0B59 /* Base */,
			);
			name = LaunchScreen.storyboard;
			sourceTree = "<group>";
		};
/* End PBXVariantGroup section */

/* Begin XCBuildConfiguration section */
		F31B24A61E458626005E0B59 /* Debug */ = {
			isa = XCBuildConfiguration;
			buildSettings = {
				ALWAYS_SEARCH_USER_PATHS = NO;
				CLANG_ANALYZER_NONNULL = YES;
				CLANG_CXX_LANGUAGE_STANDARD = "gnu++0x";
				CLANG_CXX_LIBRARY = "libc++";
				CLANG_ENABLE_MODULES = YES;
				CLANG_ENABLE_OBJC_ARC = YES;
				CLANG_WARN_BOOL_CONVERSION = YES;
				CLANG_WARN_CONSTANT_CONVERSION = YES;
				CLANG_WARN_DIRECT_OBJC_ISA_USAGE = YES_ERROR;
				CLANG_WARN_DOCUMENTATION_COMMENTS = YES;
				CLANG_WARN_EMPTY_BODY = YES;
				CLANG_WARN_ENUM_CONVERSION = YES;
				CLANG_WARN_INFINITE_RECURSION = YES;
				CLANG_WARN_INT_CONVERSION = YES;
				CLANG_WARN_OBJC_ROOT_CLASS = YES_ERROR;
				CLANG_WARN_SUSPICIOUS_MOVE = YES;
				CLANG_WARN_UNREACHABLE_CODE = YES;
				CLANG_WARN__DUPLICATE_METHOD_MATCH = YES;
				"CODE_SIGN_IDENTITY[sdk=iphoneos*]" = "iPhone Developer";
				COPY_PHASE_STRIP = NO;
				DEBUG_INFORMATION_FORMAT = dwarf;
				ENABLE_STRICT_OBJC_MSGSEND = YES;
				ENABLE_TESTABILITY = YES;
				GCC_C_LANGUAGE_STANDARD = gnu99;
				GCC_DYNAMIC_NO_PIC = NO;
				GCC_NO_COMMON_BLOCKS = YES;
				GCC_OPTIMIZATION_LEVEL = 0;
				GCC_PREPROCESSOR_DEFINITIONS = (
					"DEBUG=1",
					"$(inherited)",
				);
				GCC_WARN_64_TO_32_BIT_CONVERSION = YES;
				GCC_WARN_ABOUT_RETURN_TYPE = YES_ERROR;
				GCC_WARN_UNDECLARED_SELECTOR = YES;
				GCC_WARN_UNINITIALIZED_AUTOS = YES_AGGRESSIVE;
				GCC_WARN_UNUSED_FUNCTION = YES;
				GCC_WARN_UNUSED_VARIABLE = YES;
				IPHONEOS_DEPLOYMENT_TARGET = 8.0;
				MTL_ENABLE_DEBUG_INFO = YES;
				ONLY_ACTIVE_ARCH = YES;
				SDKROOT = iphoneos;
				TARGETED_DEVICE_FAMILY = "1,2";
			};
			name = Debug;
		};
		F31B24A71E458626005E0B59 /* Release */ = {
			isa = XCBuildConfiguration;
			buildSettings = {
				ALWAYS_SEARCH_USER_PATHS = NO;
				CLANG_ANALYZER_NONNULL = YES;
				CLANG_CXX_LANGUAGE_STANDARD = "gnu++0x";
				CLANG_CXX_LIBRARY = "libc++";
				CLANG_ENABLE_MODULES = YES;
				CLANG_ENABLE_OBJC_ARC = YES;
				CLANG_WARN_BOOL_CONVERSION = YES;
				CLANG_WARN_CONSTANT_CONVERSION = YES;
				CLANG_WARN_DIRECT_OBJC_ISA_USAGE = YES_ERROR;
				CLANG_WARN_DOCUMENTATION_COMMENTS = YES;
				CLANG_WARN_EMPTY_BODY = YES;
				CLANG_WARN_ENUM_CONVERSION = YES;
				CLANG_WARN_INFINITE_RECURSION = YES;
				CLANG_WARN_INT_CONVERSION = YES;
				CLANG_WARN_OBJC_ROOT_CLASS = YES_ERROR;
				CLANG_WARN_SUSPICIOUS_MOVE = YES;
				CLANG_WARN_UNREACHABLE_CODE = YES;
				CLANG_WARN__DUPLICATE_METHOD_MATCH = YES;
				"CODE_SIGN_IDENTITY[sdk=iphoneos*]" = "iPhone Developer";
				COPY_PHASE_STRIP = NO;
				DEBUG_INFORMATION_FORMAT = "dwarf-with-dsym";
				ENABLE_NS_ASSERTIONS = NO;
				ENABLE_STRICT_OBJC_MSGSEND = YES;
				GCC_C_LANGUAGE_STANDARD = gnu99;
				GCC_NO_COMMON_BLOCKS = YES;
				GCC_WARN_64_TO_32_BIT_CONVERSION = YES;
				GCC_WARN_ABOUT_RETURN_TYPE = YES_ERROR;
				GCC_WARN_UNDECLARED_SELECTOR = YES;
				GCC_WARN_UNINITIALIZED_AUTOS = YES_AGGRESSIVE;
				GCC_WARN_UNUSED_FUNCTION = YES;
				GCC_WARN_UNUSED_VARIABLE = YES;
				IPHONEOS_DEPLOYMENT_TARGET = 8.0;
				MTL_ENABLE_DEBUG_INFO = NO;
				SDKROOT = iphoneos;
				TARGETED_DEVICE_FAMILY = "1,2";
				VALIDATE_PRODUCT = YES;
			};
			name = Release;
		};
		F31B24A91E458626005E0B59 /* Debug */ = {
			isa = XCBuildConfiguration;
			baseConfigurationReference = 89A588D0AC12B288A6D25363 /* Pods-JFNetRequestTool.debug.xcconfig */;
			buildSettings = {
				ASSETCATALOG_COMPILER_APPICON_NAME = AppIcon;
				INFOPLIST_FILE = JFNetRequestTool/Info.plist;
				IPHONEOS_DEPLOYMENT_TARGET = 8.0;
				LD_RUNPATH_SEARCH_PATHS = "$(inherited) @executable_path/Frameworks";
				PRODUCT_BUNDLE_IDENTIFIER = com.JiangfanZhan.JFNetRequestTool;
				PRODUCT_NAME = "$(TARGET_NAME)";
			};
			name = Debug;
		};
		F31B24AA1E458626005E0B59 /* Release */ = {
			isa = XCBuildConfiguration;
			baseConfigurationReference = 1609BAE88390349E428B70F8 /* Pods-JFNetRequestTool.release.xcconfig */;
			buildSettings = {
				ASSETCATALOG_COMPILER_APPICON_NAME = AppIcon;
				INFOPLIST_FILE = JFNetRequestTool/Info.plist;
				IPHONEOS_DEPLOYMENT_TARGET = 8.0;
				LD_RUNPATH_SEARCH_PATHS = "$(inherited) @executable_path/Frameworks";
				PRODUCT_BUNDLE_IDENTIFIER = com.JiangfanZhan.JFNetRequestTool;
				PRODUCT_NAME = "$(TARGET_NAME)";
			};
			name = Release;
		};
/* End XCBuildConfiguration section */

/* Begin XCConfigurationList section */
		F31B248C1E458626005E0B59 /* Build configuration list for PBXProject "JFNetRequestTool" */ = {
			isa = XCConfigurationList;
			buildConfigurations = (
				F31B24A61E458626005E0B59 /* Debug */,
				F31B24A71E458626005E0B59 /* Release */,
			);
			defaultConfigurationIsVisible = 0;
			defaultConfigurationName = Release;
		};
		F31B24A81E458626005E0B59 /* Build configuration list for PBXNativeTarget "JFNetRequestTool" */ = {
			isa = XCConfigurationList;
			buildConfigurations = (
				F31B24A91E458626005E0B59 /* Debug */,
				F31B24AA1E458626005E0B59 /* Release */,
			);
			defaultConfigurationIsVisible = 0;
			defaultConfigurationName = Release;
		};
/* End XCConfigurationList section */
	};
	rootObject = F31B24891E458626005E0B59 /* Project object */;
}
